// !$*UTF8*$!
{
	archiveVersion = 1;
	classes = {
	};
	objectVersion = 46;
	objects = {

/* Begin PBXBuildFile section */
		B90D2A491E6D8884005302FE /* main.m in Sources */ = {isa = PBXBuildFile; fileRef = B90D2A481E6D8884005302FE /* main.m */; };
		B90D2A691E6D88CE005302FE /* AppDelegate.m in Sources */ = {isa = PBXBuildFile; fileRef = B90D2A5F1E6D88CE005302FE /* AppDelegate.m */; };
		B90D2A6A1E6D88CE005302FE /* PokemonData.m in Sources */ = {isa = PBXBuildFile; fileRef = B90D2A611E6D88CE005302FE /* PokemonData.m */; };
		B90D2A6B1E6D88CE005302FE /* SettingData.m in Sources */ = {isa = PBXBuildFile; fileRef = B90D2A631E6D88CE005302FE /* SettingData.m */; };
		B90D2A6C1E6D88CE005302FE /* Main.storyboard in Resources */ = {isa = PBXBuildFile; fileRef = B90D2A641E6D88CE005302FE /* Main.storyboard */; };
		B90D2A6D1E6D88CE005302FE /* LaunchScreen.storyboard in Resources */ = {isa = PBXBuildFile; fileRef = B90D2A651E6D88CE005302FE /* LaunchScreen.storyboard */; };
		B90D2A6E1E6D88CE005302FE /* images in Resources */ = {isa = PBXBuildFile; fileRef = B90D2A661E6D88CE005302FE /* images */; };
		B90D2A6F1E6D88CE005302FE /* Thumbnails in Resources */ = {isa = PBXBuildFile; fileRef = B90D2A671E6D88CE005302FE /* Thumbnails */; };
		B90D2A701E6D88CE005302FE /* Assets.xcassets in Resources */ = {isa = PBXBuildFile; fileRef = B90D2A681E6D88CE005302FE /* Assets.xcassets */; };
		B90D2A7D1E6D8903005302FE /* DetailViewController.m in Sources */ = {isa = PBXBuildFile; fileRef = B90D2A721E6D8903005302FE /* DetailViewController.m */; };
		B90D2A7E1E6D8903005302FE /* TabBarController.m in Sources */ = {isa = PBXBuildFile; fileRef = B90D2A741E6D8903005302FE /* TabBarController.m */; };
		B90D2A7F1E6D8903005302FE /* Gen1ViewController.m in Sources */ = {isa = PBXBuildFile; fileRef = B90D2A761E6D8903005302FE /* Gen1ViewController.m */; };
		B90D2A801E6D8903005302FE /* Gen2ViewController.m in Sources */ = {isa = PBXBuildFile; fileRef = B90D2A781E6D8903005302FE /* Gen2ViewController.m */; };
		B90D2A811E6D8903005302FE /* PokemonTableViewCell.m in Sources */ = {isa = PBXBuildFile; fileRef = B90D2A7A1E6D8903005302FE /* PokemonTableViewCell.m */; };
		B90D2A821E6D8903005302FE /* PokeWikiWebViewController.m in Sources */ = {isa = PBXBuildFile; fileRef = B90D2A7C1E6D8903005302FE /* PokeWikiWebViewController.m */; };
		B90D2A871E6D890E005302FE /* SettingViewController.m in Sources */ = {isa = PBXBuildFile; fileRef = B90D2A841E6D890E005302FE /* SettingViewController.m */; };
		B90D2A881E6D890E005302FE /* FavoritePMViewController.m in Sources */ = {isa = PBXBuildFile; fileRef = B90D2A861E6D890E005302FE /* FavoritePMViewController.m */; };
		B90D2A8A1E6D891D005302FE /* Default-568h@2x.png in Resources */ = {isa = PBXBuildFile; fileRef = B90D2A891E6D891D005302FE /* Default-568h@2x.png */; };
		B9F8E57E1E6EC80C00116B53 /* PokeDexNaviController.m in Sources */ = {isa = PBXBuildFile; fileRef = B9F8E57D1E6EC80C00116B53 /* PokeDexNaviController.m */; };
/* End PBXBuildFile section */

/* Begin PBXFileReference section */
		B90D2A441E6D8884005302FE /* Pokédex.app */ = {isa = PBXFileReference; explicitFileType = wrapper.application; includeInIndex = 0; path = "Pokédex.app"; sourceTree = BUILT_PRODUCTS_DIR; };
		B90D2A481E6D8884005302FE /* main.m */ = {isa = PBXFileReference; lastKnownFileType = sourcecode.c.objc; path = main.m; sourceTree = "<group>"; };
		B90D2A5E1E6D88CE005302FE /* AppDelegate.h */ = {isa = PBXFileReference; fileEncoding = 4; lastKnownFileType = sourcecode.c.h; path = AppDelegate.h; sourceTree = "<group>"; };
		B90D2A5F1E6D88CE005302FE /* AppDelegate.m */ = {isa = PBXFileReference; fileEncoding = 4; lastKnownFileType = sourcecode.c.objc; path = AppDelegate.m; sourceTree = "<group>"; };
		B90D2A601E6D88CE005302FE /* PokemonData.h */ = {isa = PBXFileReference; fileEncoding = 4; lastKnownFileType = sourcecode.c.h; path = PokemonData.h; sourceTree = "<group>"; };
		B90D2A611E6D88CE005302FE /* PokemonData.m */ = {isa = PBXFileReference; fileEncoding = 4; lastKnownFileType = sourcecode.c.objc; path = PokemonData.m; sourceTree = "<group>"; };
		B90D2A621E6D88CE005302FE /* SettingData.h */ = {isa = PBXFileReference; fileEncoding = 4; lastKnownFileType = sourcecode.c.h; path = SettingData.h; sourceTree = "<group>"; };
		B90D2A631E6D88CE005302FE /* SettingData.m */ = {isa = PBXFileReference; fileEncoding = 4; lastKnownFileType = sourcecode.c.objc; path = SettingData.m; sourceTree = "<group>"; };
		B90D2A641E6D88CE005302FE /* Main.storyboard */ = {isa = PBXFileReference; fileEncoding = 4; lastKnownFileType = file.storyboard; path = Main.storyboard; sourceTree = "<group>"; };
		B90D2A651E6D88CE005302FE /* LaunchScreen.storyboard */ = {isa = PBXFileReference; fileEncoding = 4; lastKnownFileType = file.storyboard; path = LaunchScreen.storyboard; sourceTree = "<group>"; };
		B90D2A661E6D88CE005302FE /* images */ = {isa = PBXFileReference; lastKnownFileType = folder; path = images; sourceTree = "<group>"; };
		B90D2A671E6D88CE005302FE /* Thumbnails */ = {isa = PBXFileReference; lastKnownFileType = folder; path = Thumbnails; sourceTree = "<group>"; };
		B90D2A681E6D88CE005302FE /* Assets.xcassets */ = {isa = PBXFileReference; lastKnownFileType = folder.assetcatalog; path = Assets.xcassets; sourceTree = "<group>"; };
		B90D2A711E6D8903005302FE /* DetailViewController.h */ = {isa = PBXFileReference; fileEncoding = 4; lastKnownFileType = sourcecode.c.h; path = DetailViewController.h; sourceTree = "<group>"; };
		B90D2A721E6D8903005302FE /* DetailViewController.m */ = {isa = PBXFileReference; fileEncoding = 4; lastKnownFileType = sourcecode.c.objc; path = DetailViewController.m; sourceTree = "<group>"; };
		B90D2A731E6D8903005302FE /* TabBarController.h */ = {isa = PBXFileReference; fileEncoding = 4; lastKnownFileType = sourcecode.c.h; path = TabBarController.h; sourceTree = "<group>"; };
		B90D2A741E6D8903005302FE /* TabBarController.m */ = {isa = PBXFileReference; fileEncoding = 4; lastKnownFileType = sourcecode.c.objc; path = TabBarController.m; sourceTree = "<group>"; };
		B90D2A751E6D8903005302FE /* Gen1ViewController.h */ = {isa = PBXFileReference; fileEncoding = 4; lastKnownFileType = sourcecode.c.h; path = Gen1ViewController.h; sourceTree = "<group>"; };
		B90D2A761E6D8903005302FE /* Gen1ViewController.m */ = {isa = PBXFileReference; fileEncoding = 4; lastKnownFileType = sourcecode.c.objc; path = Gen1ViewController.m; sourceTree = "<group>"; };
		B90D2A771E6D8903005302FE /* Gen2ViewController.h */ = {isa = PBXFileReference; fileEncoding = 4; lastKnownFileType = sourcecode.c.h; path = Gen2ViewController.h; sourceTree = "<group>"; };
		B90D2A781E6D8903005302FE /* Gen2ViewController.m */ = {isa = PBXFileReference; fileEncoding = 4; lastKnownFileType = sourcecode.c.objc; path = Gen2ViewController.m; sourceTree = "<group>"; };
		B90D2A791E6D8903005302FE /* PokemonTableViewCell.h */ = {isa = PBXFileReference; fileEncoding = 4; lastKnownFileType = sourcecode.c.h; path = PokemonTableViewCell.h; sourceTree = "<group>"; };
		B90D2A7A1E6D8903005302FE /* PokemonTableViewCell.m */ = {isa = PBXFileReference; fileEncoding = 4; lastKnownFileType = sourcecode.c.objc; path = PokemonTableViewCell.m; sourceTree = "<group>"; };
		B90D2A7B1E6D8903005302FE /* PokeWikiWebViewController.h */ = {isa = PBXFileReference; fileEncoding = 4; lastKnownFileType = sourcecode.c.h; path = PokeWikiWebViewController.h; sourceTree = "<group>"; };
		B90D2A7C1E6D8903005302FE /* PokeWikiWebViewController.m */ = {isa = PBXFileReference; fileEncoding = 4; lastKnownFileType = sourcecode.c.objc; path = PokeWikiWebViewController.m; sourceTree = "<group>"; };
		B90D2A831E6D890E005302FE /* SettingViewController.h */ = {isa = PBXFileReference; fileEncoding = 4; lastKnownFileType = sourcecode.c.h; path = SettingViewController.h; sourceTree = "<group>"; };
		B90D2A841E6D890E005302FE /* SettingViewController.m */ = {isa = PBXFileReference; fileEncoding = 4; lastKnownFileType = sourcecode.c.objc; path = SettingViewController.m; sourceTree = "<group>"; };
		B90D2A851E6D890E005302FE /* FavoritePMViewController.h */ = {isa = PBXFileReference; fileEncoding = 4; lastKnownFileType = sourcecode.c.h; path = FavoritePMViewController.h; sourceTree = "<group>"; };
		B90D2A861E6D890E005302FE /* FavoritePMViewController.m */ = {isa = PBXFileReference; fileEncoding = 4; lastKnownFileType = sourcecode.c.objc; path = FavoritePMViewController.m; sourceTree = "<group>"; };
		B90D2A891E6D891D005302FE /* Default-568h@2x.png */ = {isa = PBXFileReference; lastKnownFileType = image.png; path = "Default-568h@2x.png"; sourceTree = "<group>"; };
		B90D2A8B1E6D894D005302FE /* Info.plist */ = {isa = PBXFileReference; fileEncoding = 4; lastKnownFileType = text.plist.xml; path = Info.plist; sourceTree = "<group>"; };
		B9F8E57C1E6EC80C00116B53 /* PokeDexNaviController.h */ = {isa = PBXFileReference; fileEncoding = 4; lastKnownFileType = sourcecode.c.h; path = PokeDexNaviController.h; sourceTree = "<group>"; };
		B9F8E57D1E6EC80C00116B53 /* PokeDexNaviController.m */ = {isa = PBXFileReference; fileEncoding = 4; lastKnownFileType = sourcecode.c.objc; path = PokeDexNaviController.m; sourceTree = "<group>"; };
/* End PBXFileReference section */

/* Begin PBXFrameworksBuildPhase section */
		B90D2A411E6D8883005302FE /* Frameworks */ = {
			isa = PBXFrameworksBuildPhase;
			buildActionMask = 2147483647;
			files = (
			);
			runOnlyForDeploymentPostprocessing = 0;
		};
/* End PBXFrameworksBuildPhase section */

/* Begin PBXGroup section */
		B90D2A3B1E6D8883005302FE = {
			isa = PBXGroup;
			children = (
				B90D2A891E6D891D005302FE /* Default-568h@2x.png */,
				B90D2A461E6D8884005302FE /* Pokédex */,
				B90D2A451E6D8884005302FE /* Products */,
			);
			sourceTree = "<group>";
		};
		B90D2A451E6D8884005302FE /* Products */ = {
			isa = PBXGroup;
			children = (
				B90D2A441E6D8884005302FE /* Pokédex.app */,
			);
			name = Products;
			sourceTree = "<group>";
		};
		B90D2A461E6D8884005302FE /* Pokédex */ = {
			isa = PBXGroup;
			children = (
				B90D2A5E1E6D88CE005302FE /* AppDelegate.h */,
				B90D2A5F1E6D88CE005302FE /* AppDelegate.m */,
				B9EEF81F1E6D8FCC0048781A /* UI */,
				B9EEF8201E6D8FD40048781A /* Data */,
				B90D2A641E6D88CE005302FE /* Main.storyboard */,
				B90D2A651E6D88CE005302FE /* LaunchScreen.storyboard */,
				B90D2A661E6D88CE005302FE /* images */,
				B90D2A671E6D88CE005302FE /* Thumbnails */,
				B90D2A681E6D88CE005302FE /* Assets.xcassets */,
				B90D2A8B1E6D894D005302FE /* Info.plist */,
				B90D2A471E6D8884005302FE /* Supporting Files */,
			);
			path = "Pokédex";
			sourceTree = "<group>";
		};
		B90D2A471E6D8884005302FE /* Supporting Files */ = {
			isa = PBXGroup;
			children = (
				B90D2A481E6D8884005302FE /* main.m */,
			);
			name = "Supporting Files";
			sourceTree = "<group>";
		};
		B9EEF81F1E6D8FCC0048781A /* UI */ = {
			isa = PBXGroup;
			children = (
				B9F8E57C1E6EC80C00116B53 /* PokeDexNaviController.h */,
				B9F8E57D1E6EC80C00116B53 /* PokeDexNaviController.m */,
				B90D2A711E6D8903005302FE /* DetailViewController.h */,
				B90D2A721E6D8903005302FE /* DetailViewController.m */,
				B90D2A731E6D8903005302FE /* TabBarController.h */,
				B90D2A741E6D8903005302FE /* TabBarController.m */,
				B90D2A751E6D8903005302FE /* Gen1ViewController.h */,
				B90D2A761E6D8903005302FE /* Gen1ViewController.m */,
				B90D2A771E6D8903005302FE /* Gen2ViewController.h */,
				B90D2A781E6D8903005302FE /* Gen2ViewController.m */,
				B90D2A791E6D8903005302FE /* PokemonTableViewCell.h */,
				B90D2A7A1E6D8903005302FE /* PokemonTableViewCell.m */,
				B90D2A7B1E6D8903005302FE /* PokeWikiWebViewController.h */,
				B90D2A7C1E6D8903005302FE /* PokeWikiWebViewController.m */,
				B90D2A831E6D890E005302FE /* SettingViewController.h */,
				B90D2A841E6D890E005302FE /* SettingViewController.m */,
				B90D2A851E6D890E005302FE /* FavoritePMViewController.h */,
				B90D2A861E6D890E005302FE /* FavoritePMViewController.m */,
			);
			name = UI;
			sourceTree = "<group>";
		};
		B9EEF8201E6D8FD40048781A /* Data */ = {
			isa = PBXGroup;
			children = (
				B90D2A601E6D88CE005302FE /* PokemonData.h */,
				B90D2A611E6D88CE005302FE /* PokemonData.m */,
				B90D2A621E6D88CE005302FE /* SettingData.h */,
				B90D2A631E6D88CE005302FE /* SettingData.m */,
			);
			name = Data;
			sourceTree = "<group>";
		};
/* End PBXGroup section */

/* Begin PBXNativeTarget section */
		B90D2A431E6D8883005302FE /* Pokédex */ = {
			isa = PBXNativeTarget;
			buildConfigurationList = B90D2A5B1E6D8884005302FE /* Build configuration list for PBXNativeTarget "Pokédex" */;
			buildPhases = (
				B90D2A401E6D8883005302FE /* Sources */,
				B90D2A411E6D8883005302FE /* Frameworks */,
				B90D2A421E6D8883005302FE /* Resources */,
			);
			buildRules = (
			);
			dependencies = (
			);
			name = "Pokédex";
			productName = "Pokédex";
			productReference = B90D2A441E6D8884005302FE /* Pokédex.app */;
			productType = "com.apple.product-type.application";
		};
/* End PBXNativeTarget section */

/* Begin PBXProject section */
		B90D2A3C1E6D8883005302FE /* Project object */ = {
			isa = PBXProject;
			attributes = {
				LastUpgradeCheck = 0820;
				ORGANIZATIONNAME = "Jongchan Park";
				TargetAttributes = {
					B90D2A431E6D8883005302FE = {
						CreatedOnToolsVersion = 8.2.1;
						DevelopmentTeam = 8KDMCH8V2F;
						ProvisioningStyle = Automatic;
					};
				};
			};
			buildConfigurationList = B90D2A3F1E6D8883005302FE /* Build configuration list for PBXProject "Pokédex" */;
			compatibilityVersion = "Xcode 3.2";
			developmentRegion = English;
			hasScannedForEncodings = 0;
			knownRegions = (
				en,
				Base,
			);
			mainGroup = B90D2A3B1E6D8883005302FE;
			productRefGroup = B90D2A451E6D8884005302FE /* Products */;
			projectDirPath = "";
			projectRoot = "";
			targets = (
				B90D2A431E6D8883005302FE /* Pokédex */,
			);
		};
/* End PBXProject section */

/* Begin PBXResourcesBuildPhase section */
		B90D2A421E6D8883005302FE /* Resources */ = {
			isa = PBXResourcesBuildPhase;
			buildActionMask = 2147483647;
			files = (
				B90D2A6E1E6D88CE005302FE /* images in Resources */,
				B90D2A6F1E6D88CE005302FE /* Thumbnails in Resources */,
				B90D2A6C1E6D88CE005302FE /* Main.storyboard in Resources */,
				B90D2A6D1E6D88CE005302FE /* LaunchScreen.storyboard in Resources */,
				B90D2A701E6D88CE005302FE /* Assets.xcassets in Resources */,
				B90D2A8A1E6D891D005302FE /* Default-568h@2x.png in Resources */,
			);
			runOnlyForDeploymentPostprocessing = 0;
		};
/* End PBXResourcesBuildPhase section */

/* Begin PBXSourcesBuildPhase section */
		B90D2A401E6D8883005302FE /* Sources */ = {
			isa = PBXSourcesBuildPhase;
			buildActionMask = 2147483647;
			files = (
				B90D2A7D1E6D8903005302FE /* DetailViewController.m in Sources */,
				B90D2A881E6D890E005302FE /* FavoritePMViewController.m in Sources */,
				B90D2A6B1E6D88CE005302FE /* SettingData.m in Sources */,
				B90D2A801E6D8903005302FE /* Gen2ViewController.m in Sources */,
				B90D2A691E6D88CE005302FE /* AppDelegate.m in Sources */,
				B90D2A7E1E6D8903005302FE /* TabBarController.m in Sources */,
				B90D2A491E6D8884005302FE /* main.m in Sources */,
				B90D2A821E6D8903005302FE /* PokeWikiWebViewController.m in Sources */,
				B90D2A811E6D8903005302FE /* PokemonTableViewCell.m in Sources */,
				B9F8E57E1E6EC80C00116B53 /* PokeDexNaviController.m in Sources */,
				B90D2A7F1E6D8903005302FE /* Gen1ViewController.m in Sources */,
				B90D2A871E6D890E005302FE /* SettingViewController.m in Sources */,
				B90D2A6A1E6D88CE005302FE /* PokemonData.m in Sources */,
			);
			runOnlyForDeploymentPostprocessing = 0;
		};
/* End PBXSourcesBuildPhase section */

/* Begin XCBuildConfiguration section */
		B90D2A591E6D8884005302FE /* Debug */ = {
			isa = XCBuildConfiguration;
			buildSettings = {
				ALWAYS_SEARCH_USER_PATHS = NO;
				CLANG_ANALYZER_NONNULL = YES;
				CLANG_CXX_LANGUAGE_STANDARD = "gnu++0x";
				CLANG_CXX_LIBRARY = "libc++";
				CLANG_ENABLE_MODULES = YES;
				CLANG_ENABLE_OBJC_ARC = YES;
				CLANG_WARN_BOOL_CONVERSION = YES;
				CLANG_WARN_CONSTANT_CONVERSION = YES;
				CLANG_WARN_DIRECT_OBJC_ISA_USAGE = YES_ERROR;
				CLANG_WARN_DOCUMENTATION_COMMENTS = YES;
				CLANG_WARN_EMPTY_BODY = YES;
				CLANG_WARN_ENUM_CONVERSION = YES;
				CLANG_WARN_INFINITE_RECURSION = YES;
				CLANG_WARN_INT_CONVERSION = YES;
				CLANG_WARN_OBJC_ROOT_CLASS = YES_ERROR;
				CLANG_WARN_SUSPICIOUS_MOVE = YES;
				CLANG_WARN_UNREACHABLE_CODE = YES;
				CLANG_WARN__DUPLICATE_METHOD_MATCH = YES;
				"CODE_SIGN_IDENTITY[sdk=iphoneos*]" = "iPhone Developer";
				COPY_PHASE_STRIP = NO;
				DEBUG_INFORMATION_FORMAT = dwarf;
				ENABLE_STRICT_OBJC_MSGSEND = YES;
				ENABLE_TESTABILITY = YES;
				GCC_C_LANGUAGE_STANDARD = gnu99;
				GCC_DYNAMIC_NO_PIC = NO;
				GCC_NO_COMMON_BLOCKS = YES;
				GCC_OPTIMIZATION_LEVEL = 0;
				GCC_PREPROCESSOR_DEFINITIONS = (
					"DEBUG=1",
					"$(inherited)",
				);
				GCC_WARN_64_TO_32_BIT_CONVERSION = YES;
				GCC_WARN_ABOUT_RETURN_TYPE = YES_ERROR;
				GCC_WARN_UNDECLARED_SELECTOR = YES;
				GCC_WARN_UNINITIALIZED_AUTOS = YES_AGGRESSIVE;
				GCC_WARN_UNUSED_FUNCTION = YES;
				GCC_WARN_UNUSED_VARIABLE = YES;
				IPHONEOS_DEPLOYMENT_TARGET = 10.2;
				MTL_ENABLE_DEBUG_INFO = YES;
				ONLY_ACTIVE_ARCH = YES;
				SDKROOT = iphoneos;
			};
			name = Debug;
		};
		B90D2A5A1E6D8884005302FE /* Release */ = {
			isa = XCBuildConfiguration;
			buildSettings = {
				ALWAYS_SEARCH_USER_PATHS = NO;
				CLANG_ANALYZER_NONNULL = YES;
				CLANG_CXX_LANGUAGE_STANDARD = "gnu++0x";
				CLANG_CXX_LIBRARY = "libc++";
				CLANG_ENABLE_MODULES = YES;
				CLANG_ENABLE_OBJC_ARC = YES;
				CLANG_WARN_BOOL_CONVERSION = YES;
				CLANG_WARN_CONSTANT_CONVERSION = YES;
				CLANG_WARN_DIRECT_OBJC_ISA_USAGE = YES_ERROR;
				CLANG_WARN_DOCUMENTATION_COMMENTS = YES;
				CLANG_WARN_EMPTY_BODY = YES;
				CLANG_WARN_ENUM_CONVERSION = YES;
				CLANG_WARN_INFINITE_RECURSION = YES;
				CLANG_WARN_INT_CONVERSION = YES;
				CLANG_WARN_OBJC_ROOT_CLASS = YES_ERROR;
				CLANG_WARN_SUSPICIOUS_MOVE = YES;
				CLANG_WARN_UNREACHABLE_CODE = YES;
				CLANG_WARN__DUPLICATE_METHOD_MATCH = YES;
				"CODE_SIGN_IDENTITY[sdk=iphoneos*]" = "iPhone Developer";
				COPY_PHASE_STRIP = NO;
				DEBUG_INFORMATION_FORMAT = "dwarf-with-dsym";
				ENABLE_NS_ASSERTIONS = NO;
				ENABLE_STRICT_OBJC_MSGSEND = YES;
				GCC_C_LANGUAGE_STANDARD = gnu99;
				GCC_NO_COMMON_BLOCKS = YES;
				GCC_WARN_64_TO_32_BIT_CONVERSION = YES;
				GCC_WARN_ABOUT_RETURN_TYPE = YES_ERROR;
				GCC_WARN_UNDECLARED_SELECTOR = YES;
				GCC_WARN_UNINITIALIZED_AUTOS = YES_AGGRESSIVE;
				GCC_WARN_UNUSED_FUNCTION = YES;
				GCC_WARN_UNUSED_VARIABLE = YES;
				IPHONEOS_DEPLOYMENT_TARGET = 10.2;
				MTL_ENABLE_DEBUG_INFO = NO;
				SDKROOT = iphoneos;
				VALIDATE_PRODUCT = YES;
			};
			name = Release;
		};
		B90D2A5C1E6D8884005302FE /* Debug */ = {
			isa = XCBuildConfiguration;
			buildSettings = {
				ASSETCATALOG_COMPILER_APPICON_NAME = AppIcon;
				DEVELOPMENT_TEAM = 8KDMCH8V2F;
				INFOPLIST_FILE = "Pokédex/Info.plist";
				IPHONEOS_DEPLOYMENT_TARGET = 10.2;
				LD_RUNPATH_SEARCH_PATHS = "$(inherited) @executable_path/Frameworks";
				PRODUCT_BUNDLE_IDENTIFIER = "jongchan.developed.Poke-dex";
				PRODUCT_NAME = "$(TARGET_NAME)";
			};
			name = Debug;
		};
		B90D2A5D1E6D8884005302FE /* Release */ = {
			isa = XCBuildConfiguration;
			buildSettings = {
				ASSETCATALOG_COMPILER_APPICON_NAME = AppIcon;
				DEVELOPMENT_TEAM = 8KDMCH8V2F;
				INFOPLIST_FILE = "Pokédex/Info.plist";
				IPHONEOS_DEPLOYMENT_TARGET = 10.2;
				LD_RUNPATH_SEARCH_PATHS = "$(inherited) @executable_path/Frameworks";
				PRODUCT_BUNDLE_IDENTIFIER = "jongchan.developed.Poke-dex";
				PRODUCT_NAME = "$(TARGET_NAME)";
			};
			name = Release;
		};
/* End XCBuildConfiguration section */

/* Begin XCConfigurationList section */
		B90D2A3F1E6D8883005302FE /* Build configuration list for PBXProject "Pokédex" */ = {
			isa = XCConfigurationList;
			buildConfigurations = (
				B90D2A591E6D8884005302FE /* Debug */,
				B90D2A5A1E6D8884005302FE /* Release */,
			);
			defaultConfigurationIsVisible = 0;
			defaultConfigurationName = Release;
		};
		B90D2A5B1E6D8884005302FE /* Build configuration list for PBXNativeTarget "Pokédex" */ = {
			isa = XCConfigurationList;
			buildConfigurations = (
				B90D2A5C1E6D8884005302FE /* Debug */,
				B90D2A5D1E6D8884005302FE /* Release */,
			);
			defaultConfigurationIsVisible = 0;
			defaultConfigurationName = Release;
		};
/* End XCConfigurationList section */
	};
	rootObject = B90D2A3C1E6D8883005302FE /* Project object */;
}
